<?xml version="1.0" encoding="utf-8"?>
<Project ToolsVersion="4.0" xmlns="http://schemas.microsoft.com/developer/msbuild/2003">
  <ItemGroup>
    <Filter Include="源文件">
      <UniqueIdentifier>{4FC737F1-C7A5-4376-A066-2A32D752A2FF}</UniqueIdentifier>
      <Extensions>cpp;c;cc;cxx;c++;cppm;ixx;def;odl;idl;hpj;bat;asm;asmx</Extensions>
    </Filter>
    <Filter Include="头文件">
      <UniqueIdentifier>{93995380-89BD-4b04-88EB-625FBE52EBFB}</UniqueIdentifier>
      <Extensions>h;hh;hpp;hxx;h++;hm;inl;inc;ipp;xsd</Extensions>
    </Filter>
    <Filter Include="资源文件">
      <UniqueIdentifier>{67DA6AB6-F800-4c08-8B7A-83BB121AAD01}</UniqueIdentifier>
      <Extensions>rc;ico;cur;bmp;dlg;rc2;rct;bin;rgs;gif;jpg;jpeg;jpe;resx;tiff;tif;png;wav;mfcribbon-ms</Extensions>
    </Filter>
  </ItemGroup>
  <ItemGroup>
    <ClCompile Include="C++核心编程.cpp">
      <Filter>源文件</Filter>
    </ClCompile>
    <ClCompile Include="01_全局区.cpp">
      <Filter>源文件</Filter>
    </ClCompile>
    <ClCompile Include="02_栈区.cpp">
      <Filter>源文件</Filter>
    </ClCompile>
    <ClCompile Include="03_堆区.cpp">
      <Filter>源文件</Filter>
    </ClCompile>
    <ClCompile Include="04_引用的使用.cpp">
      <Filter>源文件</Filter>
    </ClCompile>
    <ClCompile Include="05_引用和函数.cpp">
      <Filter>源文件</Filter>
    </ClCompile>
    <ClCompile Include="06_引用的本质.cpp">
      <Filter>源文件</Filter>
    </ClCompile>
    <ClCompile Include="07_常量引用.cpp">
      <Filter>源文件</Filter>
    </ClCompile>
    <ClCompile Include="08_函数的默认参数.cpp">
      <Filter>源文件</Filter>
    </ClCompile>
    <ClCompile Include="09_函数展位参数.cpp">
      <Filter>源文件</Filter>
    </ClCompile>
    <ClCompile Include="10_函数重载.cpp">
      <Filter>源文件</Filter>
    </ClCompile>
    <ClCompile Include="11_类和对象.cpp">
      <Filter>源文件</Filter>
    </ClCompile>
    <ClCompile Include="12_封装.cpp">
      <Filter>源文件</Filter>
    </ClCompile>
    <ClCompile Include="13_封装的权限.cpp">
      <Filter>源文件</Filter>
    </ClCompile>
    <ClCompile Include="14_struct和class的区别.cpp">
      <Filter>源文件</Filter>
    </ClCompile>
    <ClCompile Include="15_成员属性设置为私有.cpp">
      <Filter>源文件</Filter>
    </ClCompile>
    <ClCompile Include="16_构造函数和析构函数.cpp">
      <Filter>源文件</Filter>
    </ClCompile>
    <ClCompile Include="17_构造函数的分类及调用.cpp">
      <Filter>源文件</Filter>
    </ClCompile>
    <ClCompile Include="18_拷贝构造函数调用时机.cpp">
      <Filter>源文件</Filter>
    </ClCompile>
    <ClCompile Include="19_深拷贝与浅拷贝.cpp">
      <Filter>源文件</Filter>
    </ClCompile>
    <ClCompile Include="20_初始化列表.cpp">
      <Filter>源文件</Filter>
    </ClCompile>
    <ClCompile Include="21_类对象作为类成员.cpp">
      <Filter>源文件</Filter>
    </ClCompile>
    <ClCompile Include="22_静态成员cpp.cpp">
      <Filter>源文件</Filter>
    </ClCompile>
    <ClCompile Include="23_C++对象模型和this指针.cpp">
      <Filter>源文件</Filter>
    </ClCompile>
    <ClCompile Include="24_this指针概念.cpp">
      <Filter>源文件</Filter>
    </ClCompile>
    <ClCompile Include="25_空指针访问成员函数.cpp">
      <Filter>源文件</Filter>
    </ClCompile>
    <ClCompile Include="26_const修饰成员函数.cpp">
      <Filter>源文件</Filter>
    </ClCompile>
    <ClCompile Include="27_成员函数做友元.cpp">
      <Filter>源文件</Filter>
    </ClCompile>
    <ClCompile Include="28_类做友元.cpp">
      <Filter>源文件</Filter>
    </ClCompile>
    <ClCompile Include="29_成员函数做友元.cpp">
      <Filter>源文件</Filter>
    </ClCompile>
    <ClCompile Include="30_加号运算符重载.cpp">
      <Filter>源文件</Filter>
    </ClCompile>
    <ClCompile Include="31_左移运算符重载.cpp">
      <Filter>源文件</Filter>
    </ClCompile>
    <ClCompile Include="32_递增运算符重载.cpp">
      <Filter>源文件</Filter>
    </ClCompile>
    <ClCompile Include="33_递减运算符重载.cpp">
      <Filter>源文件</Filter>
    </ClCompile>
    <ClCompile Include="34_赋值运算符重载.cpp">
      <Filter>源文件</Filter>
    </ClCompile>
    <ClCompile Include="35_关系运算符重载.cpp">
      <Filter>源文件</Filter>
    </ClCompile>
    <ClCompile Include="36_函数调用运算符重载.cpp">
      <Filter>源文件</Filter>
    </ClCompile>
    <ClCompile Include="37_继承的基本语法.cpp">
      <Filter>源文件</Filter>
    </ClCompile>
    <ClCompile Include="38_继承方式.cpp">
      <Filter>源文件</Filter>
    </ClCompile>
    <ClCompile Include="39_继承中的对象模型.cpp">
      <Filter>源文件</Filter>
    </ClCompile>
    <ClCompile Include="40_继承中的构造和析构顺序.cpp">
      <Filter>源文件</Filter>
    </ClCompile>
    <ClCompile Include="41_继承中同名成员的处理方式.cpp">
      <Filter>源文件</Filter>
    </ClCompile>
    <ClCompile Include="42_多继承语法.cpp">
      <Filter>源文件</Filter>
    </ClCompile>
    <ClCompile Include="43_菱形继承.cpp">
      <Filter>源文件</Filter>
    </ClCompile>
    <ClCompile Include="44_多态的基本概念.cpp">
      <Filter>源文件</Filter>
    </ClCompile>
    <ClCompile Include="45_多态案例1_计算器.cpp">
      <Filter>源文件</Filter>
    </ClCompile>
    <ClCompile Include="46_纯虚函数和抽象类.cpp">
      <Filter>源文件</Filter>
    </ClCompile>
    <ClCompile Include="47_多态案例2_制作饮品.cpp">
      <Filter>源文件</Filter>
    </ClCompile>
    <ClCompile Include="48_虚析构和纯虚析构.cpp">
      <Filter>源文件</Filter>
    </ClCompile>
    <ClCompile Include="49_多态案例3_电脑组装.cpp">
      <Filter>源文件</Filter>
    </ClCompile>
    <ClCompile Include="50_文本文件_写文件.cpp">
      <Filter>源文件</Filter>
    </ClCompile>
    <ClCompile Include="52_文本文件_读文件.cpp">
      <Filter>源文件</Filter>
    </ClCompile>
    <ClCompile Include="53_二进制文件_写文件.cpp">
      <Filter>源文件</Filter>
    </ClCompile>
    <ClCompile Include="54_二进制文件_读文件.cpp">
      <Filter>源文件</Filter>
    </ClCompile>
  </ItemGroup>
</Project>